
Microsoft Visual Studio Solution File, Format Version 12.00
# Visual Studio Version 17
VisualStudioVersion = 17.5.33516.290
MinimumVisualStudioVersion = 10.0.40219.1
Project("{8BC9CEB8-8B4A-11D0-8D11-00A0C91BC942}") = "MT3課題６", "MT3課題６.vcxproj", "{5910DD4F-DBD7-450E-87C5-5F17AF3FB3DB}"
EndProject
Global
	GlobalSection(SolutionConfigurationPlatforms) = preSolution
		Debug|x64 = Debug|x64
		Release|x64 = Release|x64
	EndGlobalSection
	GlobalSection(ProjectConfigurationPlatforms) = postSolution
		{5910DD4F-DBD7-450E-87C5-5F17AF3FB3DB}.Debug|x64.ActiveCfg = Debug|x64
		{5910DD4F-DBD7-450E-87C5-5F17AF3FB3DB}.Debug|x64.Build.0 = Debug|x64
		{5910DD4F-DBD7-450E-87C5-5F17AF3FB3DB}.Release|x64.ActiveCfg = Release|x64
		{5910DD4F-DBD7-450E-87C5-5F17AF3FB3DB}.Release|x64.Build.0 = Release|x64
	EndGlobalSection
	GlobalSection(SolutionProperties) = preSolution
		HideSolutionNode = FALSE
	EndGlobalSection
	GlobalSection(ExtensibilityGlobals) = postSolution
		SolutionGuid = {8A2D7A02-B271-4915-A69F-C3FB85516FE1}
	EndGlobalSection
EndGlobal
